
Microsoft Visual Studio Solution File, Format Version 12.00
# Visual Studio Version 16
VisualStudioVersion = 16.0.29519.87
MinimumVisualStudioVersion = 10.0.40219.1
Project("{FAE04EC0-301F-11D3-BF4B-00C04F79EFBC}") = "HW4_1", "HW4_1\HW4_1.csproj", "{F2FF9373-C5CE-4452-AD86-B3232ED21B34}"
EndProject
Project("{FAE04EC0-301F-11D3-BF4B-00C04F79EFBC}") = "HW4_2", "HW4_2\HW4_2.csproj", "{8491822B-26D1-417F-852E-BF3E5823CA8E}"
EndProject
Global
	GlobalSection(SolutionConfigurationPlatforms) = preSolution
		Debug|Any CPU = Debug|Any CPU
		Release|Any CPU = Release|Any CPU
	EndGlobalSection
	GlobalSection(ProjectConfigurationPlatforms) = postSolution
		{F2FF9373-C5CE-4452-AD86-B3232ED21B34}.Debug|Any CPU.ActiveCfg = Debug|Any CPU
		{F2FF9373-C5CE-4452-AD86-B3232ED21B34}.Debug|Any CPU.Build.0 = Debug|Any CPU
		{F2FF9373-C5CE-4452-AD86-B3232ED21B34}.Release|Any CPU.ActiveCfg = Release|Any CPU
		{F2FF9373-C5CE-4452-AD86-B3232ED21B34}.Release|Any CPU.Build.0 = Release|Any CPU
		{8491822B-26D1-417F-852E-BF3E5823CA8E}.Debug|Any CPU.ActiveCfg = Debug|Any CPU
		{8491822B-26D1-417F-852E-BF3E5823CA8E}.Debug|Any CPU.Build.0 = Debug|Any CPU
		{8491822B-26D1-417F-852E-BF3E5823CA8E}.Release|Any CPU.ActiveCfg = Release|Any CPU
		{8491822B-26D1-417F-852E-BF3E5823CA8E}.Release|Any CPU.Build.0 = Release|Any CPU
	EndGlobalSection
	GlobalSection(SolutionProperties) = preSolution
		HideSolutionNode = FALSE
	EndGlobalSection
	GlobalSection(ExtensibilityGlobals) = postSolution
		SolutionGuid = {4D3A70E4-8945-478D-A088-C8ACE899A028}
	EndGlobalSection
EndGlobal
