
Microsoft Visual Studio Solution File, Format Version 12.00
# Visual Studio Version 16
VisualStudioVersion = 16.0.29519.87
MinimumVisualStudioVersion = 10.0.40219.1
Project("{FAE04EC0-301F-11D3-BF4B-00C04F79EFBC}") = "HW8", "HW8\HW8.csproj", "{B933D110-980B-478F-B4BE-6B4830E6B7E8}"
EndProject
Global
	GlobalSection(SolutionConfigurationPlatforms) = preSolution
		Debug|Any CPU = Debug|Any CPU
		Release|Any CPU = Release|Any CPU
	EndGlobalSection
	GlobalSection(ProjectConfigurationPlatforms) = postSolution
		{B933D110-980B-478F-B4BE-6B4830E6B7E8}.Debug|Any CPU.ActiveCfg = Debug|Any CPU
		{B933D110-980B-478F-B4BE-6B4830E6B7E8}.Debug|Any CPU.Build.0 = Debug|Any CPU
		{B933D110-980B-478F-B4BE-6B4830E6B7E8}.Release|Any CPU.ActiveCfg = Release|Any CPU
		{B933D110-980B-478F-B4BE-6B4830E6B7E8}.Release|Any CPU.Build.0 = Release|Any CPU
	EndGlobalSection
	GlobalSection(SolutionProperties) = preSolution
		HideSolutionNode = FALSE
	EndGlobalSection
	GlobalSection(ExtensibilityGlobals) = postSolution
		SolutionGuid = {D6FA1EE6-9582-41AC-88D1-61F8F8670C7E}
	EndGlobalSection
EndGlobal
