
Microsoft Visual Studio Solution File, Format Version 12.00
# Visual Studio Version 16
VisualStudioVersion = 16.0.29509.3
MinimumVisualStudioVersion = 10.0.40219.1
Project("{FAE04EC0-301F-11D3-BF4B-00C04F79EFBC}") = "HW2_1", "HW2_1\HW2_1.csproj", "{2FB311A0-289E-4855-9B0F-190BC0200CF9}"
EndProject
Project("{FAE04EC0-301F-11D3-BF4B-00C04F79EFBC}") = "HW2_2", "HW2_2\HW2_2.csproj", "{BE81894B-B184-4D67-9A9F-76C38BBD606D}"
EndProject
Global
	GlobalSection(SolutionConfigurationPlatforms) = preSolution
		Debug|Any CPU = Debug|Any CPU
		Release|Any CPU = Release|Any CPU
	EndGlobalSection
	GlobalSection(ProjectConfigurationPlatforms) = postSolution
		{2FB311A0-289E-4855-9B0F-190BC0200CF9}.Debug|Any CPU.ActiveCfg = Debug|Any CPU
		{2FB311A0-289E-4855-9B0F-190BC0200CF9}.Debug|Any CPU.Build.0 = Debug|Any CPU
		{2FB311A0-289E-4855-9B0F-190BC0200CF9}.Release|Any CPU.ActiveCfg = Release|Any CPU
		{2FB311A0-289E-4855-9B0F-190BC0200CF9}.Release|Any CPU.Build.0 = Release|Any CPU
		{BE81894B-B184-4D67-9A9F-76C38BBD606D}.Debug|Any CPU.ActiveCfg = Debug|Any CPU
		{BE81894B-B184-4D67-9A9F-76C38BBD606D}.Debug|Any CPU.Build.0 = Debug|Any CPU
		{BE81894B-B184-4D67-9A9F-76C38BBD606D}.Release|Any CPU.ActiveCfg = Release|Any CPU
		{BE81894B-B184-4D67-9A9F-76C38BBD606D}.Release|Any CPU.Build.0 = Release|Any CPU
	EndGlobalSection
	GlobalSection(SolutionProperties) = preSolution
		HideSolutionNode = FALSE
	EndGlobalSection
	GlobalSection(ExtensibilityGlobals) = postSolution
		SolutionGuid = {0EF6C631-1E6D-4A5C-B924-1CCB4D0208F4}
	EndGlobalSection
EndGlobal
