
Microsoft Visual Studio Solution File, Format Version 12.00
# Visual Studio Version 16
VisualStudioVersion = 16.0.29519.87
MinimumVisualStudioVersion = 10.0.40219.1
Project("{FAE04EC0-301F-11D3-BF4B-00C04F79EFBC}") = "HW5_1", "HW5_1\HW5_1.csproj", "{1DAD7785-A644-4486-84E7-5C8CB4850021}"
EndProject
Project("{FAE04EC0-301F-11D3-BF4B-00C04F79EFBC}") = "HW5_2", "HW5_2\HW5_2.csproj", "{02187FC3-4879-4F1F-9939-1AA263F4BCB8}"
EndProject
Global
	GlobalSection(SolutionConfigurationPlatforms) = preSolution
		Debug|Any CPU = Debug|Any CPU
		Release|Any CPU = Release|Any CPU
	EndGlobalSection
	GlobalSection(ProjectConfigurationPlatforms) = postSolution
		{1DAD7785-A644-4486-84E7-5C8CB4850021}.Debug|Any CPU.ActiveCfg = Debug|Any CPU
		{1DAD7785-A644-4486-84E7-5C8CB4850021}.Debug|Any CPU.Build.0 = Debug|Any CPU
		{1DAD7785-A644-4486-84E7-5C8CB4850021}.Release|Any CPU.ActiveCfg = Release|Any CPU
		{1DAD7785-A644-4486-84E7-5C8CB4850021}.Release|Any CPU.Build.0 = Release|Any CPU
		{02187FC3-4879-4F1F-9939-1AA263F4BCB8}.Debug|Any CPU.ActiveCfg = Debug|Any CPU
		{02187FC3-4879-4F1F-9939-1AA263F4BCB8}.Debug|Any CPU.Build.0 = Debug|Any CPU
		{02187FC3-4879-4F1F-9939-1AA263F4BCB8}.Release|Any CPU.ActiveCfg = Release|Any CPU
		{02187FC3-4879-4F1F-9939-1AA263F4BCB8}.Release|Any CPU.Build.0 = Release|Any CPU
	EndGlobalSection
	GlobalSection(SolutionProperties) = preSolution
		HideSolutionNode = FALSE
	EndGlobalSection
	GlobalSection(ExtensibilityGlobals) = postSolution
		SolutionGuid = {928B1D9A-D2C9-4B54-B089-AC0132D0F494}
	EndGlobalSection
EndGlobal
